Microsoft Visual Studio Solution File, Format Version 12.00
# Visual Studio 2012
Project("{FAE04EC0-301F-11D3-BF4B-00C04F79EFBC}") = "Zugzwang", "Zugzwang.csproj", "{7A6C7F15-1B8F-469E-9235-2118C2237448}"
EndProject
Global
	GlobalSection(SolutionConfigurationPlatforms) = preSolution
	Debug|Any CPU = Debug|Any CPU
	ExportDebug|Any CPU = ExportDebug|Any CPU
	ExportRelease|Any CPU = ExportRelease|Any CPU
	EndGlobalSection
	GlobalSection(ProjectConfigurationPlatforms) = postSolution
		{7A6C7F15-1B8F-469E-9235-2118C2237448}.Debug|Any CPU.ActiveCfg = Debug|Any CPU
		{7A6C7F15-1B8F-469E-9235-2118C2237448}.Debug|Any CPU.Build.0 = Debug|Any CPU
		{7A6C7F15-1B8F-469E-9235-2118C2237448}.ExportDebug|Any CPU.ActiveCfg = ExportDebug|Any CPU
		{7A6C7F15-1B8F-469E-9235-2118C2237448}.ExportDebug|Any CPU.Build.0 = ExportDebug|Any CPU
		{7A6C7F15-1B8F-469E-9235-2118C2237448}.ExportRelease|Any CPU.ActiveCfg = ExportRelease|Any CPU
		{7A6C7F15-1B8F-469E-9235-2118C2237448}.ExportRelease|Any CPU.Build.0 = ExportRelease|Any CPU
	EndGlobalSection
EndGlobal
